
Microsoft Visual Studio Solution File, Format Version 12.00
# Visual Studio Version 16
VisualStudioVersion = 25.0.1706.0
MinimumVisualStudioVersion = 10.0.40219.1
Project("{2150E333-8FDC-42A3-9474-1A3956D46DE8}") = "WebApplications", "WebApplications", "{C3E4D570-4DF7-42EB-B6D3-CADD1DE455BF}"
EndProject
Project("{2150E333-8FDC-42A3-9474-1A3956D46DE8}") = "Services", "Services", "{17775EB2-E481-4C9D-9BEF-96B7F7A377C7}"
EndProject
Project("{2150E333-8FDC-42A3-9474-1A3956D46DE8}") = "Catalogo", "Catalogo", "{C81154D4-6AE8-4770-B5C3-264C99880AAC}"
EndProject
Project("{2150E333-8FDC-42A3-9474-1A3956D46DE8}") = "Pagamento", "Pagamento", "{5DE607A8-93D0-4831-9748-8D9ECC7BAF24}"
EndProject
Project("{2150E333-8FDC-42A3-9474-1A3956D46DE8}") = "Locacao", "Locacao", "{6ED9A930-D7F5-4FE5-B45F-37196B40E36E}"
EndProject
Project("{2150E333-8FDC-42A3-9474-1A3956D46DE8}") = "Fiscal", "Fiscal", "{05DAF808-79F5-4189-8B9E-7DC98DA1D725}"
EndProject
Project("{2150E333-8FDC-42A3-9474-1A3956D46DE8}") = "Core", "Core", "{824FFCAC-53EC-4D74-A885-BBBD764CBD86}"
EndProject
Project("{2150E333-8FDC-42A3-9474-1A3956D46DE8}") = "Estoque", "Estoque", "{DA9A411D-8336-4F95-A39C-22EF27FCB83E}"
EndProject
Project("{FAE04EC0-301F-11D3-BF4B-00C04F79EFBC}") = "MVM.CabanasDream.Locacao.Domain", "src\MVM.CabanasDream.Locacao\MVM.CabanasDream.Locacao.Domain\MVM.CabanasDream.Locacao.Domain.csproj", "{E5FBB6F8-FCF7-4A55-B558-975DE47134AC}"
EndProject
Project("{FAE04EC0-301F-11D3-BF4B-00C04F79EFBC}") = "MVM.CabanasDream.Locacao.Application", "src\MVM.CabanasDream.Locacao\MVM.CabanasDream.Locacao.Application\MVM.CabanasDream.Locacao.Application.csproj", "{2DA3576D-1C9F-4870-A7A0-B5589CB6C41C}"
EndProject
Project("{FAE04EC0-301F-11D3-BF4B-00C04F79EFBC}") = "MVM.CabanasDream.Locacao.Data", "src\MVM.CabanasDream.Locacao\MVM.CabanasDream.Locacao.Data\MVM.CabanasDream.Locacao.Data.csproj", "{4C3CA369-049F-4E58-B21C-A017D8688D4B}"
EndProject
Project("{FAE04EC0-301F-11D3-BF4B-00C04F79EFBC}") = "MVM.CabanasDream.Core", "src\MVM.CabanasDream.Core\MVM.CabanasDream.Core.csproj", "{D021717E-1BA8-475A-BD6E-76D104FA1F51}"
EndProject
Project("{FAE04EC0-301F-11D3-BF4B-00C04F79EFBC}") = "MVM.CabanasDream.Catalogo.API", "src\MVM.CabanasDream.Catalogo\MVM.CabanasDream.Catalogo.API\MVM.CabanasDream.Catalogo.API.csproj", "{8A6CF450-D2CB-4085-AFBE-7347B16C29F1}"
EndProject
Project("{FAE04EC0-301F-11D3-BF4B-00C04F79EFBC}") = "MVM.CabanasDream.Catalogo.BussinesLogic", "src\MVM.CabanasDream.Catalogo\MVM.CabanasDream.Catalogo.BussinesLogic\MVM.CabanasDream.Catalogo.BussinesLogic.csproj", "{2A6DBF61-F025-456C-9FE0-8A2CE8FBC121}"
EndProject
Project("{FAE04EC0-301F-11D3-BF4B-00C04F79EFBC}") = "MVM.CabanasDream.Catalogo.DataAccess", "src\MVM.CabanasDream.Catalogo\MVM.CabanasDream.Catalogo.DataAccess\MVM.CabanasDream.Catalogo.DataAccess.csproj", "{F9BE600B-EB17-4A15-813F-AD875DC718E1}"
EndProject
Project("{2150E333-8FDC-42A3-9474-1A3956D46DE8}") = "1 - Application", "1 - Application", "{C3C4555B-D7D0-471D-AB0A-BF1509F33DA7}"
EndProject
Project("{2150E333-8FDC-42A3-9474-1A3956D46DE8}") = "2 - Domain", "2 - Domain", "{D985B80F-FE5D-408B-AA57-88B6241938D4}"
EndProject
Project("{2150E333-8FDC-42A3-9474-1A3956D46DE8}") = "3 - Data", "3 - Data", "{92EAF52C-2524-40F2-BDB2-5E26A13B994E}"
EndProject
Project("{FAE04EC0-301F-11D3-BF4B-00C04F79EFBC}") = "MVM.CabanasDream.Fiscal.Bussines", "src\MVM.CabanasDream.Fiscal\MVM.CabanasDream.Fiscal.Bussines\MVM.CabanasDream.Fiscal.Bussines.csproj", "{26C95CC5-7234-4D33-A0E7-C8B8DDE68FE3}"
EndProject
Project("{2150E333-8FDC-42A3-9474-1A3956D46DE8}") = "4 - DependencyInjection", "4 - DependencyInjection", "{E2E4AA20-ADFA-4014-8DBB-61FEE5764FEF}"
EndProject
Project("{FAE04EC0-301F-11D3-BF4B-00C04F79EFBC}") = "MVM.CabanasDream.Locacao.DependencyInjection", "src\MVM.CabanasDream.Locacao\MVM.CabanasDream.Locacao.DependencyInjection\MVM.CabanasDream.Locacao.DependencyInjection.csproj", "{CD05D55C-EB7C-44E1-A9B2-768D6DB4A7D7}"
EndProject
Project("{FAE04EC0-301F-11D3-BF4B-00C04F79EFBC}") = "MVM.CabanasDream.API", "src\MVM.CabanasDream.API\MVM.CabanasDream.API.csproj", "{F17C3023-103E-4C78-9D57-13D9EC080B7C}"
EndProject
Project("{FAE04EC0-301F-11D3-BF4B-00C04F79EFBC}") = "MVM.CabanasDream.Pagamento.Bussines", "src\MVM.CabanasDream.Pagamento\MVM.CabanasDream.Pagamento.Bussines\MVM.CabanasDream.Pagamento.Bussines.csproj", "{0D5D822B-0C0B-4FED-BDE0-1B83D5FCA6B6}"
EndProject
Project("{FAE04EC0-301F-11D3-BF4B-00C04F79EFBC}") = "MVM.CabanasDream.Estoque.Bussines", "src\MVM.CabanasDream.Estoque\MVM.CabanasDream.Estoque.Bussines\MVM.CabanasDream.Estoque.Bussines.csproj", "{6B2B8875-522E-4174-80BB-0ACB2451ED48}"
EndProject
Global
	GlobalSection(SolutionConfigurationPlatforms) = preSolution
		Debug|Any CPU = Debug|Any CPU
		Release|Any CPU = Release|Any CPU
	EndGlobalSection
	GlobalSection(ProjectConfigurationPlatforms) = postSolution
		{E5FBB6F8-FCF7-4A55-B558-975DE47134AC}.Debug|Any CPU.ActiveCfg = Debug|Any CPU
		{E5FBB6F8-FCF7-4A55-B558-975DE47134AC}.Debug|Any CPU.Build.0 = Debug|Any CPU
		{E5FBB6F8-FCF7-4A55-B558-975DE47134AC}.Release|Any CPU.ActiveCfg = Release|Any CPU
		{E5FBB6F8-FCF7-4A55-B558-975DE47134AC}.Release|Any CPU.Build.0 = Release|Any CPU
		{2DA3576D-1C9F-4870-A7A0-B5589CB6C41C}.Debug|Any CPU.ActiveCfg = Debug|Any CPU
		{2DA3576D-1C9F-4870-A7A0-B5589CB6C41C}.Debug|Any CPU.Build.0 = Debug|Any CPU
		{2DA3576D-1C9F-4870-A7A0-B5589CB6C41C}.Release|Any CPU.ActiveCfg = Release|Any CPU
		{2DA3576D-1C9F-4870-A7A0-B5589CB6C41C}.Release|Any CPU.Build.0 = Release|Any CPU
		{4C3CA369-049F-4E58-B21C-A017D8688D4B}.Debug|Any CPU.ActiveCfg = Debug|Any CPU
		{4C3CA369-049F-4E58-B21C-A017D8688D4B}.Debug|Any CPU.Build.0 = Debug|Any CPU
		{4C3CA369-049F-4E58-B21C-A017D8688D4B}.Release|Any CPU.ActiveCfg = Release|Any CPU
		{4C3CA369-049F-4E58-B21C-A017D8688D4B}.Release|Any CPU.Build.0 = Release|Any CPU
		{D021717E-1BA8-475A-BD6E-76D104FA1F51}.Debug|Any CPU.ActiveCfg = Debug|Any CPU
		{D021717E-1BA8-475A-BD6E-76D104FA1F51}.Debug|Any CPU.Build.0 = Debug|Any CPU
		{D021717E-1BA8-475A-BD6E-76D104FA1F51}.Release|Any CPU.ActiveCfg = Release|Any CPU
		{D021717E-1BA8-475A-BD6E-76D104FA1F51}.Release|Any CPU.Build.0 = Release|Any CPU
		{8A6CF450-D2CB-4085-AFBE-7347B16C29F1}.Debug|Any CPU.ActiveCfg = Debug|Any CPU
		{8A6CF450-D2CB-4085-AFBE-7347B16C29F1}.Debug|Any CPU.Build.0 = Debug|Any CPU
		{8A6CF450-D2CB-4085-AFBE-7347B16C29F1}.Release|Any CPU.ActiveCfg = Release|Any CPU
		{8A6CF450-D2CB-4085-AFBE-7347B16C29F1}.Release|Any CPU.Build.0 = Release|Any CPU
		{2A6DBF61-F025-456C-9FE0-8A2CE8FBC121}.Debug|Any CPU.ActiveCfg = Debug|Any CPU
		{2A6DBF61-F025-456C-9FE0-8A2CE8FBC121}.Debug|Any CPU.Build.0 = Debug|Any CPU
		{2A6DBF61-F025-456C-9FE0-8A2CE8FBC121}.Release|Any CPU.ActiveCfg = Release|Any CPU
		{2A6DBF61-F025-456C-9FE0-8A2CE8FBC121}.Release|Any CPU.Build.0 = Release|Any CPU
		{F9BE600B-EB17-4A15-813F-AD875DC718E1}.Debug|Any CPU.ActiveCfg = Debug|Any CPU
		{F9BE600B-EB17-4A15-813F-AD875DC718E1}.Debug|Any CPU.Build.0 = Debug|Any CPU
		{F9BE600B-EB17-4A15-813F-AD875DC718E1}.Release|Any CPU.ActiveCfg = Release|Any CPU
		{F9BE600B-EB17-4A15-813F-AD875DC718E1}.Release|Any CPU.Build.0 = Release|Any CPU
		{26C95CC5-7234-4D33-A0E7-C8B8DDE68FE3}.Debug|Any CPU.ActiveCfg = Debug|Any CPU
		{26C95CC5-7234-4D33-A0E7-C8B8DDE68FE3}.Debug|Any CPU.Build.0 = Debug|Any CPU
		{26C95CC5-7234-4D33-A0E7-C8B8DDE68FE3}.Release|Any CPU.ActiveCfg = Release|Any CPU
		{26C95CC5-7234-4D33-A0E7-C8B8DDE68FE3}.Release|Any CPU.Build.0 = Release|Any CPU
		{CD05D55C-EB7C-44E1-A9B2-768D6DB4A7D7}.Debug|Any CPU.ActiveCfg = Debug|Any CPU
		{CD05D55C-EB7C-44E1-A9B2-768D6DB4A7D7}.Debug|Any CPU.Build.0 = Debug|Any CPU
		{CD05D55C-EB7C-44E1-A9B2-768D6DB4A7D7}.Release|Any CPU.ActiveCfg = Release|Any CPU
		{CD05D55C-EB7C-44E1-A9B2-768D6DB4A7D7}.Release|Any CPU.Build.0 = Release|Any CPU
		{F17C3023-103E-4C78-9D57-13D9EC080B7C}.Debug|Any CPU.ActiveCfg = Debug|Any CPU
		{F17C3023-103E-4C78-9D57-13D9EC080B7C}.Debug|Any CPU.Build.0 = Debug|Any CPU
		{F17C3023-103E-4C78-9D57-13D9EC080B7C}.Release|Any CPU.ActiveCfg = Release|Any CPU
		{F17C3023-103E-4C78-9D57-13D9EC080B7C}.Release|Any CPU.Build.0 = Release|Any CPU
		{0D5D822B-0C0B-4FED-BDE0-1B83D5FCA6B6}.Debug|Any CPU.ActiveCfg = Debug|Any CPU
		{0D5D822B-0C0B-4FED-BDE0-1B83D5FCA6B6}.Debug|Any CPU.Build.0 = Debug|Any CPU
		{0D5D822B-0C0B-4FED-BDE0-1B83D5FCA6B6}.Release|Any CPU.ActiveCfg = Release|Any CPU
		{0D5D822B-0C0B-4FED-BDE0-1B83D5FCA6B6}.Release|Any CPU.Build.0 = Release|Any CPU
		{6B2B8875-522E-4174-80BB-0ACB2451ED48}.Debug|Any CPU.ActiveCfg = Debug|Any CPU
		{6B2B8875-522E-4174-80BB-0ACB2451ED48}.Debug|Any CPU.Build.0 = Debug|Any CPU
		{6B2B8875-522E-4174-80BB-0ACB2451ED48}.Release|Any CPU.ActiveCfg = Release|Any CPU
		{6B2B8875-522E-4174-80BB-0ACB2451ED48}.Release|Any CPU.Build.0 = Release|Any CPU
	EndGlobalSection
	GlobalSection(SolutionProperties) = preSolution
		HideSolutionNode = FALSE
	EndGlobalSection
	GlobalSection(ExtensibilityGlobals) = postSolution
		SolutionGuid = {2D089A95-06DE-4464-8B0D-735E475040F9}
	EndGlobalSection
	GlobalSection(NestedProjects) = preSolution
		{C81154D4-6AE8-4770-B5C3-264C99880AAC} = {17775EB2-E481-4C9D-9BEF-96B7F7A377C7}
		{5DE607A8-93D0-4831-9748-8D9ECC7BAF24} = {17775EB2-E481-4C9D-9BEF-96B7F7A377C7}
		{6ED9A930-D7F5-4FE5-B45F-37196B40E36E} = {17775EB2-E481-4C9D-9BEF-96B7F7A377C7}
		{05DAF808-79F5-4189-8B9E-7DC98DA1D725} = {17775EB2-E481-4C9D-9BEF-96B7F7A377C7}
		{824FFCAC-53EC-4D74-A885-BBBD764CBD86} = {17775EB2-E481-4C9D-9BEF-96B7F7A377C7}
		{DA9A411D-8336-4F95-A39C-22EF27FCB83E} = {17775EB2-E481-4C9D-9BEF-96B7F7A377C7}
		{E5FBB6F8-FCF7-4A55-B558-975DE47134AC} = {D985B80F-FE5D-408B-AA57-88B6241938D4}
		{2DA3576D-1C9F-4870-A7A0-B5589CB6C41C} = {C3C4555B-D7D0-471D-AB0A-BF1509F33DA7}
		{4C3CA369-049F-4E58-B21C-A017D8688D4B} = {92EAF52C-2524-40F2-BDB2-5E26A13B994E}
		{D021717E-1BA8-475A-BD6E-76D104FA1F51} = {824FFCAC-53EC-4D74-A885-BBBD764CBD86}
		{8A6CF450-D2CB-4085-AFBE-7347B16C29F1} = {C81154D4-6AE8-4770-B5C3-264C99880AAC}
		{2A6DBF61-F025-456C-9FE0-8A2CE8FBC121} = {C81154D4-6AE8-4770-B5C3-264C99880AAC}
		{F9BE600B-EB17-4A15-813F-AD875DC718E1} = {C81154D4-6AE8-4770-B5C3-264C99880AAC}
		{C3C4555B-D7D0-471D-AB0A-BF1509F33DA7} = {6ED9A930-D7F5-4FE5-B45F-37196B40E36E}
		{D985B80F-FE5D-408B-AA57-88B6241938D4} = {6ED9A930-D7F5-4FE5-B45F-37196B40E36E}
		{92EAF52C-2524-40F2-BDB2-5E26A13B994E} = {6ED9A930-D7F5-4FE5-B45F-37196B40E36E}
		{26C95CC5-7234-4D33-A0E7-C8B8DDE68FE3} = {05DAF808-79F5-4189-8B9E-7DC98DA1D725}
		{E2E4AA20-ADFA-4014-8DBB-61FEE5764FEF} = {6ED9A930-D7F5-4FE5-B45F-37196B40E36E}
		{CD05D55C-EB7C-44E1-A9B2-768D6DB4A7D7} = {E2E4AA20-ADFA-4014-8DBB-61FEE5764FEF}
		{F17C3023-103E-4C78-9D57-13D9EC080B7C} = {C3E4D570-4DF7-42EB-B6D3-CADD1DE455BF}
		{0D5D822B-0C0B-4FED-BDE0-1B83D5FCA6B6} = {5DE607A8-93D0-4831-9748-8D9ECC7BAF24}
		{6B2B8875-522E-4174-80BB-0ACB2451ED48} = {DA9A411D-8336-4F95-A39C-22EF27FCB83E}
	EndGlobalSection
EndGlobal
