
Microsoft Visual Studio Solution File, Format Version 12.00
# Visual Studio Version 16
VisualStudioVersion = 25.0.1706.0
MinimumVisualStudioVersion = 10.0.40219.1
Project("{2150E333-8FDC-42A3-9474-1A3956D46DE8}") = "WebApplications", "WebApplications", "{C3E4D570-4DF7-42EB-B6D3-CADD1DE455BF}"
EndProject
Project("{2150E333-8FDC-42A3-9474-1A3956D46DE8}") = "Services", "Services", "{17775EB2-E481-4C9D-9BEF-96B7F7A377C7}"
EndProject
Project("{2150E333-8FDC-42A3-9474-1A3956D46DE8}") = "Catalogo", "Catalogo", "{C81154D4-6AE8-4770-B5C3-264C99880AAC}"
EndProject
Project("{2150E333-8FDC-42A3-9474-1A3956D46DE8}") = "Pagamento", "Pagamento", "{5DE607A8-93D0-4831-9748-8D9ECC7BAF24}"
EndProject
Project("{2150E333-8FDC-42A3-9474-1A3956D46DE8}") = "Locacao", "Locacao", "{6ED9A930-D7F5-4FE5-B45F-37196B40E36E}"
EndProject
Project("{2150E333-8FDC-42A3-9474-1A3956D46DE8}") = "Fiscal", "Fiscal", "{05DAF808-79F5-4189-8B9E-7DC98DA1D725}"
EndProject
Project("{2150E333-8FDC-42A3-9474-1A3956D46DE8}") = "Core", "Core", "{824FFCAC-53EC-4D74-A885-BBBD764CBD86}"
EndProject
Project("{2150E333-8FDC-42A3-9474-1A3956D46DE8}") = "Testes", "Testes", "{F3AE7E15-EBE3-410B-9F51-55E0F7934D02}"
EndProject
Project("{FAE04EC0-301F-11D3-BF4B-00C04F79EFBC}") = "MVM.CabanasDream.Teste", "..\test\MVM.CabanasDream.Teste\MVM.CabanasDream.Teste.csproj", "{D9F583AE-534B-46A8-8FF1-DF6791248EBD}"
EndProject
Project("{2150E333-8FDC-42A3-9474-1A3956D46DE8}") = "Estoque", "Estoque", "{DA9A411D-8336-4F95-A39C-22EF27FCB83E}"
EndProject
Project("{2150E333-8FDC-42A3-9474-1A3956D46DE8}") = "Testes", "Testes", "{FB6DC06C-78C6-4B11-A589-5DD4788C7C84}"
EndProject
Project("{FAE04EC0-301F-11D3-BF4B-00C04F79EFBC}") = "MVM.CabanasDream.Locacao.Domain", "src\MVM.CabanasDream.Locacao\MVM.CabanasDream.Locacao.Domain\MVM.CabanasDream.Locacao.Domain.csproj", "{E5FBB6F8-FCF7-4A55-B558-975DE47134AC}"
EndProject
Project("{FAE04EC0-301F-11D3-BF4B-00C04F79EFBC}") = "MVM.CabanasDream.Locacao.Teste", "src\MVM.CabanasDream.Locacao\MVM.CabanasDream.Locacao.Teste\MVM.CabanasDream.Locacao.Teste.csproj", "{CD5806F8-6B71-439C-94B5-43BD5EC224D9}"
EndProject
Project("{FAE04EC0-301F-11D3-BF4B-00C04F79EFBC}") = "MVM.CabanasDream.Locacao.API", "src\MVM.CabanasDream.Locacao\MVM.CabanasDream.Locacao.API\MVM.CabanasDream.Locacao.API.csproj", "{1624E8F6-601C-48FE-A781-83FE44ABD072}"
EndProject
Project("{FAE04EC0-301F-11D3-BF4B-00C04F79EFBC}") = "MVM.CabanasDream.Locacao.Application", "src\MVM.CabanasDream.Locacao\MVM.CabanasDream.Locacao.Application\MVM.CabanasDream.Locacao.Application.csproj", "{2DA3576D-1C9F-4870-A7A0-B5589CB6C41C}"
EndProject
Project("{FAE04EC0-301F-11D3-BF4B-00C04F79EFBC}") = "MVM.CabanasDream.Locacao.Data", "src\MVM.CabanasDream.Locacao\MVM.CabanasDream.Locacao.Data\MVM.CabanasDream.Locacao.Data.csproj", "{4C3CA369-049F-4E58-B21C-A017D8688D4B}"
EndProject
Project("{FAE04EC0-301F-11D3-BF4B-00C04F79EFBC}") = "MVM.CabanasDream.Core", "src\MVM.CabanasDream.Core\MVM.CabanasDream.Core.csproj", "{D021717E-1BA8-475A-BD6E-76D104FA1F51}"
EndProject
Project("{FAE04EC0-301F-11D3-BF4B-00C04F79EFBC}") = "MVM.CabanasDream.Catalogo.API", "src\MVM.CabanasDream.Catalogo\MVM.CabanasDream.Catalogo.API\MVM.CabanasDream.Catalogo.API.csproj", "{8A6CF450-D2CB-4085-AFBE-7347B16C29F1}"
EndProject
Project("{FAE04EC0-301F-11D3-BF4B-00C04F79EFBC}") = "MVM.CabanasDream.Catalogo.BussinesLogic", "src\MVM.CabanasDream.Catalogo\MVM.CabanasDream.Catalogo.BussinesLogic\MVM.CabanasDream.Catalogo.BussinesLogic.csproj", "{2A6DBF61-F025-456C-9FE0-8A2CE8FBC121}"
EndProject
Project("{FAE04EC0-301F-11D3-BF4B-00C04F79EFBC}") = "MVM.CabanasDream.Catalogo.DataAccess", "src\MVM.CabanasDream.Catalogo\MVM.CabanasDream.Catalogo.DataAccess\MVM.CabanasDream.Catalogo.DataAccess.csproj", "{F9BE600B-EB17-4A15-813F-AD875DC718E1}"
EndProject
Project("{FAE04EC0-301F-11D3-BF4B-00C04F79EFBC}") = "MVM.CabanasDream.Fiscal.Domain", "src\MVM.CabanasDream.Fiscal\MVM.CabanasDream.Fiscal.Domain\MVM.CabanasDream.Fiscal.Domain.csproj", "{7B1E7A59-66F4-4839-A122-0D0A7B7F456F}"
EndProject
Project("{FAE04EC0-301F-11D3-BF4B-00C04F79EFBC}") = "MVM.CabanasDream.Fiscal.Application", "src\MVM.CabanasDream.Fiscal\MVM.CabanasDream.Fiscal.Application\MVM.CabanasDream.Fiscal.Application.csproj", "{8761E50D-5950-4CBA-9E4E-225098A8DE02}"
EndProject
Project("{FAE04EC0-301F-11D3-BF4B-00C04F79EFBC}") = "MVM.CabanasDream.Fiscal.Data", "src\MVM.CabanasDream.Fiscal\MVM.CabanasDream.Fiscal.Data\MVM.CabanasDream.Fiscal.Data.csproj", "{CC561963-5068-40B3-BE8D-C54D4F911AD2}"
EndProject
Global
	GlobalSection(SolutionConfigurationPlatforms) = preSolution
		Debug|Any CPU = Debug|Any CPU
		Release|Any CPU = Release|Any CPU
	EndGlobalSection
	GlobalSection(ProjectConfigurationPlatforms) = postSolution
		{D9F583AE-534B-46A8-8FF1-DF6791248EBD}.Debug|Any CPU.ActiveCfg = Debug|Any CPU
		{D9F583AE-534B-46A8-8FF1-DF6791248EBD}.Debug|Any CPU.Build.0 = Debug|Any CPU
		{D9F583AE-534B-46A8-8FF1-DF6791248EBD}.Release|Any CPU.ActiveCfg = Release|Any CPU
		{D9F583AE-534B-46A8-8FF1-DF6791248EBD}.Release|Any CPU.Build.0 = Release|Any CPU
		{E5FBB6F8-FCF7-4A55-B558-975DE47134AC}.Debug|Any CPU.ActiveCfg = Debug|Any CPU
		{E5FBB6F8-FCF7-4A55-B558-975DE47134AC}.Debug|Any CPU.Build.0 = Debug|Any CPU
		{E5FBB6F8-FCF7-4A55-B558-975DE47134AC}.Release|Any CPU.ActiveCfg = Release|Any CPU
		{E5FBB6F8-FCF7-4A55-B558-975DE47134AC}.Release|Any CPU.Build.0 = Release|Any CPU
		{CD5806F8-6B71-439C-94B5-43BD5EC224D9}.Debug|Any CPU.ActiveCfg = Debug|Any CPU
		{CD5806F8-6B71-439C-94B5-43BD5EC224D9}.Debug|Any CPU.Build.0 = Debug|Any CPU
		{CD5806F8-6B71-439C-94B5-43BD5EC224D9}.Release|Any CPU.ActiveCfg = Release|Any CPU
		{CD5806F8-6B71-439C-94B5-43BD5EC224D9}.Release|Any CPU.Build.0 = Release|Any CPU
		{1624E8F6-601C-48FE-A781-83FE44ABD072}.Debug|Any CPU.ActiveCfg = Debug|Any CPU
		{1624E8F6-601C-48FE-A781-83FE44ABD072}.Debug|Any CPU.Build.0 = Debug|Any CPU
		{1624E8F6-601C-48FE-A781-83FE44ABD072}.Release|Any CPU.ActiveCfg = Release|Any CPU
		{1624E8F6-601C-48FE-A781-83FE44ABD072}.Release|Any CPU.Build.0 = Release|Any CPU
		{2DA3576D-1C9F-4870-A7A0-B5589CB6C41C}.Debug|Any CPU.ActiveCfg = Debug|Any CPU
		{2DA3576D-1C9F-4870-A7A0-B5589CB6C41C}.Debug|Any CPU.Build.0 = Debug|Any CPU
		{2DA3576D-1C9F-4870-A7A0-B5589CB6C41C}.Release|Any CPU.ActiveCfg = Release|Any CPU
		{2DA3576D-1C9F-4870-A7A0-B5589CB6C41C}.Release|Any CPU.Build.0 = Release|Any CPU
		{4C3CA369-049F-4E58-B21C-A017D8688D4B}.Debug|Any CPU.ActiveCfg = Debug|Any CPU
		{4C3CA369-049F-4E58-B21C-A017D8688D4B}.Debug|Any CPU.Build.0 = Debug|Any CPU
		{4C3CA369-049F-4E58-B21C-A017D8688D4B}.Release|Any CPU.ActiveCfg = Release|Any CPU
		{4C3CA369-049F-4E58-B21C-A017D8688D4B}.Release|Any CPU.Build.0 = Release|Any CPU
		{D021717E-1BA8-475A-BD6E-76D104FA1F51}.Debug|Any CPU.ActiveCfg = Debug|Any CPU
		{D021717E-1BA8-475A-BD6E-76D104FA1F51}.Debug|Any CPU.Build.0 = Debug|Any CPU
		{D021717E-1BA8-475A-BD6E-76D104FA1F51}.Release|Any CPU.ActiveCfg = Release|Any CPU
		{D021717E-1BA8-475A-BD6E-76D104FA1F51}.Release|Any CPU.Build.0 = Release|Any CPU
		{8A6CF450-D2CB-4085-AFBE-7347B16C29F1}.Debug|Any CPU.ActiveCfg = Debug|Any CPU
		{8A6CF450-D2CB-4085-AFBE-7347B16C29F1}.Debug|Any CPU.Build.0 = Debug|Any CPU
		{8A6CF450-D2CB-4085-AFBE-7347B16C29F1}.Release|Any CPU.ActiveCfg = Release|Any CPU
		{8A6CF450-D2CB-4085-AFBE-7347B16C29F1}.Release|Any CPU.Build.0 = Release|Any CPU
		{2A6DBF61-F025-456C-9FE0-8A2CE8FBC121}.Debug|Any CPU.ActiveCfg = Debug|Any CPU
		{2A6DBF61-F025-456C-9FE0-8A2CE8FBC121}.Debug|Any CPU.Build.0 = Debug|Any CPU
		{2A6DBF61-F025-456C-9FE0-8A2CE8FBC121}.Release|Any CPU.ActiveCfg = Release|Any CPU
		{2A6DBF61-F025-456C-9FE0-8A2CE8FBC121}.Release|Any CPU.Build.0 = Release|Any CPU
		{F9BE600B-EB17-4A15-813F-AD875DC718E1}.Debug|Any CPU.ActiveCfg = Debug|Any CPU
		{F9BE600B-EB17-4A15-813F-AD875DC718E1}.Debug|Any CPU.Build.0 = Debug|Any CPU
		{F9BE600B-EB17-4A15-813F-AD875DC718E1}.Release|Any CPU.ActiveCfg = Release|Any CPU
		{F9BE600B-EB17-4A15-813F-AD875DC718E1}.Release|Any CPU.Build.0 = Release|Any CPU
		{7B1E7A59-66F4-4839-A122-0D0A7B7F456F}.Debug|Any CPU.ActiveCfg = Debug|Any CPU
		{7B1E7A59-66F4-4839-A122-0D0A7B7F456F}.Debug|Any CPU.Build.0 = Debug|Any CPU
		{7B1E7A59-66F4-4839-A122-0D0A7B7F456F}.Release|Any CPU.ActiveCfg = Release|Any CPU
		{7B1E7A59-66F4-4839-A122-0D0A7B7F456F}.Release|Any CPU.Build.0 = Release|Any CPU
		{8761E50D-5950-4CBA-9E4E-225098A8DE02}.Debug|Any CPU.ActiveCfg = Debug|Any CPU
		{8761E50D-5950-4CBA-9E4E-225098A8DE02}.Debug|Any CPU.Build.0 = Debug|Any CPU
		{8761E50D-5950-4CBA-9E4E-225098A8DE02}.Release|Any CPU.ActiveCfg = Release|Any CPU
		{8761E50D-5950-4CBA-9E4E-225098A8DE02}.Release|Any CPU.Build.0 = Release|Any CPU
		{CC561963-5068-40B3-BE8D-C54D4F911AD2}.Debug|Any CPU.ActiveCfg = Debug|Any CPU
		{CC561963-5068-40B3-BE8D-C54D4F911AD2}.Debug|Any CPU.Build.0 = Debug|Any CPU
		{CC561963-5068-40B3-BE8D-C54D4F911AD2}.Release|Any CPU.ActiveCfg = Release|Any CPU
		{CC561963-5068-40B3-BE8D-C54D4F911AD2}.Release|Any CPU.Build.0 = Release|Any CPU
	EndGlobalSection
	GlobalSection(SolutionProperties) = preSolution
		HideSolutionNode = FALSE
	EndGlobalSection
	GlobalSection(ExtensibilityGlobals) = postSolution
		SolutionGuid = {2D089A95-06DE-4464-8B0D-735E475040F9}
	EndGlobalSection
	GlobalSection(NestedProjects) = preSolution
		{C81154D4-6AE8-4770-B5C3-264C99880AAC} = {17775EB2-E481-4C9D-9BEF-96B7F7A377C7}
		{5DE607A8-93D0-4831-9748-8D9ECC7BAF24} = {17775EB2-E481-4C9D-9BEF-96B7F7A377C7}
		{6ED9A930-D7F5-4FE5-B45F-37196B40E36E} = {17775EB2-E481-4C9D-9BEF-96B7F7A377C7}
		{05DAF808-79F5-4189-8B9E-7DC98DA1D725} = {17775EB2-E481-4C9D-9BEF-96B7F7A377C7}
		{824FFCAC-53EC-4D74-A885-BBBD764CBD86} = {17775EB2-E481-4C9D-9BEF-96B7F7A377C7}
		{F3AE7E15-EBE3-410B-9F51-55E0F7934D02} = {C81154D4-6AE8-4770-B5C3-264C99880AAC}
		{D9F583AE-534B-46A8-8FF1-DF6791248EBD} = {F3AE7E15-EBE3-410B-9F51-55E0F7934D02}
		{DA9A411D-8336-4F95-A39C-22EF27FCB83E} = {17775EB2-E481-4C9D-9BEF-96B7F7A377C7}
		{FB6DC06C-78C6-4B11-A589-5DD4788C7C84} = {6ED9A930-D7F5-4FE5-B45F-37196B40E36E}
		{E5FBB6F8-FCF7-4A55-B558-975DE47134AC} = {6ED9A930-D7F5-4FE5-B45F-37196B40E36E}
		{CD5806F8-6B71-439C-94B5-43BD5EC224D9} = {FB6DC06C-78C6-4B11-A589-5DD4788C7C84}
		{1624E8F6-601C-48FE-A781-83FE44ABD072} = {6ED9A930-D7F5-4FE5-B45F-37196B40E36E}
		{2DA3576D-1C9F-4870-A7A0-B5589CB6C41C} = {6ED9A930-D7F5-4FE5-B45F-37196B40E36E}
		{4C3CA369-049F-4E58-B21C-A017D8688D4B} = {6ED9A930-D7F5-4FE5-B45F-37196B40E36E}
		{D021717E-1BA8-475A-BD6E-76D104FA1F51} = {824FFCAC-53EC-4D74-A885-BBBD764CBD86}
		{8A6CF450-D2CB-4085-AFBE-7347B16C29F1} = {C81154D4-6AE8-4770-B5C3-264C99880AAC}
		{2A6DBF61-F025-456C-9FE0-8A2CE8FBC121} = {C81154D4-6AE8-4770-B5C3-264C99880AAC}
		{F9BE600B-EB17-4A15-813F-AD875DC718E1} = {C81154D4-6AE8-4770-B5C3-264C99880AAC}
		{7B1E7A59-66F4-4839-A122-0D0A7B7F456F} = {05DAF808-79F5-4189-8B9E-7DC98DA1D725}
		{8761E50D-5950-4CBA-9E4E-225098A8DE02} = {05DAF808-79F5-4189-8B9E-7DC98DA1D725}
		{CC561963-5068-40B3-BE8D-C54D4F911AD2} = {05DAF808-79F5-4189-8B9E-7DC98DA1D725}
	EndGlobalSection
EndGlobal
